
Microsoft Visual Studio Solution File, Format Version 12.00
# Visual Studio Version 16
VisualStudioVersion = 16.0.30413.136
MinimumVisualStudioVersion = 10.0.40219.1
Project("{8BC9CEB8-8B4A-11D0-8D11-00A0C91BC942}") = "05_Main", "PosControl\PosControl.vcxproj", "{720BE124-3015-46CA-A6E8-37E4E44795AD}"
	ProjectSection(ProjectDependencies) = postProject
		{8651AB26-1A03-46C4-9A72-8A3DAFA3B7A6} = {8651AB26-1A03-46C4-9A72-8A3DAFA3B7A6}
		{4EEE7732-831F-4F24-9DDB-A46A3B235B67} = {4EEE7732-831F-4F24-9DDB-A46A3B235B67}
		{DF732D96-40FC-4C7A-9F9B-2455F00C25CF} = {DF732D96-40FC-4C7A-9F9B-2455F00C25CF}
		{26151999-D81F-45D6-AC46-1396BFA3F27E} = {26151999-D81F-45D6-AC46-1396BFA3F27E}
		{A80FAEBE-6013-4403-A06C-B2A178B5CF4F} = {A80FAEBE-6013-4403-A06C-B2A178B5CF4F}
		{1B5AA0CB-1DA9-42B8-A02F-D79572132752} = {1B5AA0CB-1DA9-42B8-A02F-D79572132752}
		{BEF7ABD1-D697-40B7-ACB1-A65A64664993} = {BEF7ABD1-D697-40B7-ACB1-A65A64664993}
		{DA0344DE-905A-4AE4-9254-1FE25DCBC9EC} = {DA0344DE-905A-4AE4-9254-1FE25DCBC9EC}
		{07BF0CFD-5E0C-4E66-A2F2-9038FE46358D} = {07BF0CFD-5E0C-4E66-A2F2-9038FE46358D}
	EndProjectSection
EndProject
Project("{8BC9CEB8-8B4A-11D0-8D11-00A0C91BC942}") = "01_00_Domain", "Domain\Domain.vcxproj", "{8651AB26-1A03-46C4-9A72-8A3DAFA3B7A6}"
	ProjectSection(ProjectDependencies) = postProject
		{A80FAEBE-6013-4403-A06C-B2A178B5CF4F} = {A80FAEBE-6013-4403-A06C-B2A178B5CF4F}
	EndProjectSection
EndProject
Project("{8BC9CEB8-8B4A-11D0-8D11-00A0C91BC942}") = "00_Abstraction", "Abstraction\Abstraction.vcxproj", "{A80FAEBE-6013-4403-A06C-B2A178B5CF4F}"
EndProject
Project("{8BC9CEB8-8B4A-11D0-8D11-00A0C91BC942}") = "02_Application", "Application\Application.vcxproj", "{BEF7ABD1-D697-40B7-ACB1-A65A64664993}"
	ProjectSection(ProjectDependencies) = postProject
		{8651AB26-1A03-46C4-9A72-8A3DAFA3B7A6} = {8651AB26-1A03-46C4-9A72-8A3DAFA3B7A6}
		{65C48F3B-7A6D-4D8C-8C6E-0F8CA175441F} = {65C48F3B-7A6D-4D8C-8C6E-0F8CA175441F}
		{A80FAEBE-6013-4403-A06C-B2A178B5CF4F} = {A80FAEBE-6013-4403-A06C-B2A178B5CF4F}
	EndProjectSection
EndProject
Project("{8BC9CEB8-8B4A-11D0-8D11-00A0C91BC942}") = "04_00b_calling", "calling\calling.vcxproj", "{DF732D96-40FC-4C7A-9F9B-2455F00C25CF}"
EndProject
Project("{8BC9CEB8-8B4A-11D0-8D11-00A0C91BC942}") = "03_Adapter", "Adapter\Adapter.vcxproj", "{26151999-D81F-45D6-AC46-1396BFA3F27E}"
	ProjectSection(ProjectDependencies) = postProject
		{8651AB26-1A03-46C4-9A72-8A3DAFA3B7A6} = {8651AB26-1A03-46C4-9A72-8A3DAFA3B7A6}
		{65C48F3B-7A6D-4D8C-8C6E-0F8CA175441F} = {65C48F3B-7A6D-4D8C-8C6E-0F8CA175441F}
		{A80FAEBE-6013-4403-A06C-B2A178B5CF4F} = {A80FAEBE-6013-4403-A06C-B2A178B5CF4F}
		{BEF7ABD1-D697-40B7-ACB1-A65A64664993} = {BEF7ABD1-D697-40B7-ACB1-A65A64664993}
	EndProjectSection
EndProject
Project("{8BC9CEB8-8B4A-11D0-8D11-00A0C91BC942}") = "04_00a_ROS_Mock", "ROS_Mock\ROS_Mock.vcxproj", "{DA0344DE-905A-4AE4-9254-1FE25DCBC9EC}"
EndProject
Project("{8BC9CEB8-8B4A-11D0-8D11-00A0C91BC942}") = "04_02_coex", "coex\coex.vcxproj", "{4EEE7732-831F-4F24-9DDB-A46A3B235B67}"
	ProjectSection(ProjectDependencies) = postProject
		{DF732D96-40FC-4C7A-9F9B-2455F00C25CF} = {DF732D96-40FC-4C7A-9F9B-2455F00C25CF}
		{1B5AA0CB-1DA9-42B8-A02F-D79572132752} = {1B5AA0CB-1DA9-42B8-A02F-D79572132752}
		{DA0344DE-905A-4AE4-9254-1FE25DCBC9EC} = {DA0344DE-905A-4AE4-9254-1FE25DCBC9EC}
	EndProjectSection
EndProject
Project("{8BC9CEB8-8B4A-11D0-8D11-00A0C91BC942}") = "04_01a_keyboard", "keyboard\keyboard.vcxproj", "{07BF0CFD-5E0C-4E66-A2F2-9038FE46358D}"
	ProjectSection(ProjectDependencies) = postProject
		{DA0344DE-905A-4AE4-9254-1FE25DCBC9EC} = {DA0344DE-905A-4AE4-9254-1FE25DCBC9EC}
	EndProjectSection
EndProject
Project("{8BC9CEB8-8B4A-11D0-8D11-00A0C91BC942}") = "04_01b_threading", "threading\threading.vcxproj", "{1B5AA0CB-1DA9-42B8-A02F-D79572132752}"
	ProjectSection(ProjectDependencies) = postProject
		{DA0344DE-905A-4AE4-9254-1FE25DCBC9EC} = {DA0344DE-905A-4AE4-9254-1FE25DCBC9EC}
	EndProjectSection
EndProject
Project("{8BC9CEB8-8B4A-11D0-8D11-00A0C91BC942}") = "06_04_Test_threading", "Test_threading\Test_threading.vcxproj", "{2F5BA03E-FC2C-4A60-9527-794A7903CD2A}"
	ProjectSection(ProjectDependencies) = postProject
		{1B5AA0CB-1DA9-42B8-A02F-D79572132752} = {1B5AA0CB-1DA9-42B8-A02F-D79572132752}
	EndProjectSection
EndProject
Project("{8BC9CEB8-8B4A-11D0-8D11-00A0C91BC942}") = "06_00_Test_Abstraction", "Test_Abstraction\Test_Abstraction.vcxproj", "{40209A0A-F101-4CB9-B412-C02F956C23A4}"
EndProject
Project("{8BC9CEB8-8B4A-11D0-8D11-00A0C91BC942}") = "06_01_Test_Domain", "Test_Domain\Test_Domain.vcxproj", "{59CCBBBE-E747-4E25-A854-4E22C475342E}"
EndProject
Project("{8BC9CEB8-8B4A-11D0-8D11-00A0C91BC942}") = "06_02_Test_Application", "Test_Application\Test_Application.vcxproj", "{D7E26B38-AA5D-4944-9665-FCCA434FB76C}"
EndProject
Project("{8BC9CEB8-8B4A-11D0-8D11-00A0C91BC942}") = "04_02_parrot", "parrot\parrot.vcxproj", "{7F81BB07-6098-4F43-B030-B29F46CFCC40}"
	ProjectSection(ProjectDependencies) = postProject
		{8651AB26-1A03-46C4-9A72-8A3DAFA3B7A6} = {8651AB26-1A03-46C4-9A72-8A3DAFA3B7A6}
		{65C48F3B-7A6D-4D8C-8C6E-0F8CA175441F} = {65C48F3B-7A6D-4D8C-8C6E-0F8CA175441F}
		{26151999-D81F-45D6-AC46-1396BFA3F27E} = {26151999-D81F-45D6-AC46-1396BFA3F27E}
		{A80FAEBE-6013-4403-A06C-B2A178B5CF4F} = {A80FAEBE-6013-4403-A06C-B2A178B5CF4F}
		{BEF7ABD1-D697-40B7-ACB1-A65A64664993} = {BEF7ABD1-D697-40B7-ACB1-A65A64664993}
		{DA0344DE-905A-4AE4-9254-1FE25DCBC9EC} = {DA0344DE-905A-4AE4-9254-1FE25DCBC9EC}
	EndProjectSection
EndProject
Project("{8BC9CEB8-8B4A-11D0-8D11-00A0C91BC942}") = "01_01_DroneController", "DroneController\DroneController.vcxproj", "{65C48F3B-7A6D-4D8C-8C6E-0F8CA175441F}"
	ProjectSection(ProjectDependencies) = postProject
		{A80FAEBE-6013-4403-A06C-B2A178B5CF4F} = {A80FAEBE-6013-4403-A06C-B2A178B5CF4F}
	EndProjectSection
EndProject
Global
	GlobalSection(SolutionConfigurationPlatforms) = preSolution
		Debug|x64 = Debug|x64
		Debug|x86 = Debug|x86
		Release|x64 = Release|x64
		Release|x86 = Release|x86
	EndGlobalSection
	GlobalSection(ProjectConfigurationPlatforms) = postSolution
		{720BE124-3015-46CA-A6E8-37E4E44795AD}.Debug|x64.ActiveCfg = Debug|x64
		{720BE124-3015-46CA-A6E8-37E4E44795AD}.Debug|x64.Build.0 = Debug|x64
		{720BE124-3015-46CA-A6E8-37E4E44795AD}.Debug|x86.ActiveCfg = Debug|Win32
		{720BE124-3015-46CA-A6E8-37E4E44795AD}.Debug|x86.Build.0 = Debug|Win32
		{720BE124-3015-46CA-A6E8-37E4E44795AD}.Release|x64.ActiveCfg = Release|x64
		{720BE124-3015-46CA-A6E8-37E4E44795AD}.Release|x64.Build.0 = Release|x64
		{720BE124-3015-46CA-A6E8-37E4E44795AD}.Release|x86.ActiveCfg = Release|Win32
		{720BE124-3015-46CA-A6E8-37E4E44795AD}.Release|x86.Build.0 = Release|Win32
		{8651AB26-1A03-46C4-9A72-8A3DAFA3B7A6}.Debug|x64.ActiveCfg = Debug|x64
		{8651AB26-1A03-46C4-9A72-8A3DAFA3B7A6}.Debug|x64.Build.0 = Debug|x64
		{8651AB26-1A03-46C4-9A72-8A3DAFA3B7A6}.Debug|x86.ActiveCfg = Debug|Win32
		{8651AB26-1A03-46C4-9A72-8A3DAFA3B7A6}.Debug|x86.Build.0 = Debug|Win32
		{8651AB26-1A03-46C4-9A72-8A3DAFA3B7A6}.Release|x64.ActiveCfg = Release|x64
		{8651AB26-1A03-46C4-9A72-8A3DAFA3B7A6}.Release|x64.Build.0 = Release|x64
		{8651AB26-1A03-46C4-9A72-8A3DAFA3B7A6}.Release|x86.ActiveCfg = Release|Win32
		{8651AB26-1A03-46C4-9A72-8A3DAFA3B7A6}.Release|x86.Build.0 = Release|Win32
		{A80FAEBE-6013-4403-A06C-B2A178B5CF4F}.Debug|x64.ActiveCfg = Debug|x64
		{A80FAEBE-6013-4403-A06C-B2A178B5CF4F}.Debug|x64.Build.0 = Debug|x64
		{A80FAEBE-6013-4403-A06C-B2A178B5CF4F}.Debug|x86.ActiveCfg = Debug|Win32
		{A80FAEBE-6013-4403-A06C-B2A178B5CF4F}.Debug|x86.Build.0 = Debug|Win32
		{A80FAEBE-6013-4403-A06C-B2A178B5CF4F}.Release|x64.ActiveCfg = Release|x64
		{A80FAEBE-6013-4403-A06C-B2A178B5CF4F}.Release|x64.Build.0 = Release|x64
		{A80FAEBE-6013-4403-A06C-B2A178B5CF4F}.Release|x86.ActiveCfg = Release|Win32
		{A80FAEBE-6013-4403-A06C-B2A178B5CF4F}.Release|x86.Build.0 = Release|Win32
		{BEF7ABD1-D697-40B7-ACB1-A65A64664993}.Debug|x64.ActiveCfg = Debug|x64
		{BEF7ABD1-D697-40B7-ACB1-A65A64664993}.Debug|x64.Build.0 = Debug|x64
		{BEF7ABD1-D697-40B7-ACB1-A65A64664993}.Debug|x86.ActiveCfg = Debug|Win32
		{BEF7ABD1-D697-40B7-ACB1-A65A64664993}.Debug|x86.Build.0 = Debug|Win32
		{BEF7ABD1-D697-40B7-ACB1-A65A64664993}.Release|x64.ActiveCfg = Release|x64
		{BEF7ABD1-D697-40B7-ACB1-A65A64664993}.Release|x64.Build.0 = Release|x64
		{BEF7ABD1-D697-40B7-ACB1-A65A64664993}.Release|x86.ActiveCfg = Release|Win32
		{BEF7ABD1-D697-40B7-ACB1-A65A64664993}.Release|x86.Build.0 = Release|Win32
		{DF732D96-40FC-4C7A-9F9B-2455F00C25CF}.Debug|x64.ActiveCfg = Debug|x64
		{DF732D96-40FC-4C7A-9F9B-2455F00C25CF}.Debug|x64.Build.0 = Debug|x64
		{DF732D96-40FC-4C7A-9F9B-2455F00C25CF}.Debug|x86.ActiveCfg = Debug|Win32
		{DF732D96-40FC-4C7A-9F9B-2455F00C25CF}.Debug|x86.Build.0 = Debug|Win32
		{DF732D96-40FC-4C7A-9F9B-2455F00C25CF}.Release|x64.ActiveCfg = Release|x64
		{DF732D96-40FC-4C7A-9F9B-2455F00C25CF}.Release|x64.Build.0 = Release|x64
		{DF732D96-40FC-4C7A-9F9B-2455F00C25CF}.Release|x86.ActiveCfg = Release|Win32
		{DF732D96-40FC-4C7A-9F9B-2455F00C25CF}.Release|x86.Build.0 = Release|Win32
		{26151999-D81F-45D6-AC46-1396BFA3F27E}.Debug|x64.ActiveCfg = Debug|x64
		{26151999-D81F-45D6-AC46-1396BFA3F27E}.Debug|x64.Build.0 = Debug|x64
		{26151999-D81F-45D6-AC46-1396BFA3F27E}.Debug|x86.ActiveCfg = Debug|Win32
		{26151999-D81F-45D6-AC46-1396BFA3F27E}.Debug|x86.Build.0 = Debug|Win32
		{26151999-D81F-45D6-AC46-1396BFA3F27E}.Release|x64.ActiveCfg = Release|x64
		{26151999-D81F-45D6-AC46-1396BFA3F27E}.Release|x64.Build.0 = Release|x64
		{26151999-D81F-45D6-AC46-1396BFA3F27E}.Release|x86.ActiveCfg = Release|Win32
		{26151999-D81F-45D6-AC46-1396BFA3F27E}.Release|x86.Build.0 = Release|Win32
		{DA0344DE-905A-4AE4-9254-1FE25DCBC9EC}.Debug|x64.ActiveCfg = Debug|x64
		{DA0344DE-905A-4AE4-9254-1FE25DCBC9EC}.Debug|x64.Build.0 = Debug|x64
		{DA0344DE-905A-4AE4-9254-1FE25DCBC9EC}.Debug|x86.ActiveCfg = Debug|Win32
		{DA0344DE-905A-4AE4-9254-1FE25DCBC9EC}.Debug|x86.Build.0 = Debug|Win32
		{DA0344DE-905A-4AE4-9254-1FE25DCBC9EC}.Release|x64.ActiveCfg = Release|x64
		{DA0344DE-905A-4AE4-9254-1FE25DCBC9EC}.Release|x64.Build.0 = Release|x64
		{DA0344DE-905A-4AE4-9254-1FE25DCBC9EC}.Release|x86.ActiveCfg = Release|Win32
		{DA0344DE-905A-4AE4-9254-1FE25DCBC9EC}.Release|x86.Build.0 = Release|Win32
		{4EEE7732-831F-4F24-9DDB-A46A3B235B67}.Debug|x64.ActiveCfg = Debug|x64
		{4EEE7732-831F-4F24-9DDB-A46A3B235B67}.Debug|x64.Build.0 = Debug|x64
		{4EEE7732-831F-4F24-9DDB-A46A3B235B67}.Debug|x86.ActiveCfg = Debug|Win32
		{4EEE7732-831F-4F24-9DDB-A46A3B235B67}.Debug|x86.Build.0 = Debug|Win32
		{4EEE7732-831F-4F24-9DDB-A46A3B235B67}.Release|x64.ActiveCfg = Release|x64
		{4EEE7732-831F-4F24-9DDB-A46A3B235B67}.Release|x64.Build.0 = Release|x64
		{4EEE7732-831F-4F24-9DDB-A46A3B235B67}.Release|x86.ActiveCfg = Release|Win32
		{4EEE7732-831F-4F24-9DDB-A46A3B235B67}.Release|x86.Build.0 = Release|Win32
		{07BF0CFD-5E0C-4E66-A2F2-9038FE46358D}.Debug|x64.ActiveCfg = Debug|x64
		{07BF0CFD-5E0C-4E66-A2F2-9038FE46358D}.Debug|x64.Build.0 = Debug|x64
		{07BF0CFD-5E0C-4E66-A2F2-9038FE46358D}.Debug|x86.ActiveCfg = Debug|Win32
		{07BF0CFD-5E0C-4E66-A2F2-9038FE46358D}.Debug|x86.Build.0 = Debug|Win32
		{07BF0CFD-5E0C-4E66-A2F2-9038FE46358D}.Release|x64.ActiveCfg = Release|x64
		{07BF0CFD-5E0C-4E66-A2F2-9038FE46358D}.Release|x64.Build.0 = Release|x64
		{07BF0CFD-5E0C-4E66-A2F2-9038FE46358D}.Release|x86.ActiveCfg = Release|Win32
		{07BF0CFD-5E0C-4E66-A2F2-9038FE46358D}.Release|x86.Build.0 = Release|Win32
		{1B5AA0CB-1DA9-42B8-A02F-D79572132752}.Debug|x64.ActiveCfg = Debug|x64
		{1B5AA0CB-1DA9-42B8-A02F-D79572132752}.Debug|x64.Build.0 = Debug|x64
		{1B5AA0CB-1DA9-42B8-A02F-D79572132752}.Debug|x86.ActiveCfg = Debug|Win32
		{1B5AA0CB-1DA9-42B8-A02F-D79572132752}.Debug|x86.Build.0 = Debug|Win32
		{1B5AA0CB-1DA9-42B8-A02F-D79572132752}.Release|x64.ActiveCfg = Release|x64
		{1B5AA0CB-1DA9-42B8-A02F-D79572132752}.Release|x64.Build.0 = Release|x64
		{1B5AA0CB-1DA9-42B8-A02F-D79572132752}.Release|x86.ActiveCfg = Release|Win32
		{1B5AA0CB-1DA9-42B8-A02F-D79572132752}.Release|x86.Build.0 = Release|Win32
		{2F5BA03E-FC2C-4A60-9527-794A7903CD2A}.Debug|x64.ActiveCfg = Debug|x64
		{2F5BA03E-FC2C-4A60-9527-794A7903CD2A}.Debug|x64.Build.0 = Debug|x64
		{2F5BA03E-FC2C-4A60-9527-794A7903CD2A}.Debug|x86.ActiveCfg = Debug|Win32
		{2F5BA03E-FC2C-4A60-9527-794A7903CD2A}.Debug|x86.Build.0 = Debug|Win32
		{2F5BA03E-FC2C-4A60-9527-794A7903CD2A}.Release|x64.ActiveCfg = Release|x64
		{2F5BA03E-FC2C-4A60-9527-794A7903CD2A}.Release|x64.Build.0 = Release|x64
		{2F5BA03E-FC2C-4A60-9527-794A7903CD2A}.Release|x86.ActiveCfg = Release|Win32
		{2F5BA03E-FC2C-4A60-9527-794A7903CD2A}.Release|x86.Build.0 = Release|Win32
		{40209A0A-F101-4CB9-B412-C02F956C23A4}.Debug|x64.ActiveCfg = Debug|x64
		{40209A0A-F101-4CB9-B412-C02F956C23A4}.Debug|x64.Build.0 = Debug|x64
		{40209A0A-F101-4CB9-B412-C02F956C23A4}.Debug|x86.ActiveCfg = Debug|Win32
		{40209A0A-F101-4CB9-B412-C02F956C23A4}.Debug|x86.Build.0 = Debug|Win32
		{40209A0A-F101-4CB9-B412-C02F956C23A4}.Release|x64.ActiveCfg = Release|x64
		{40209A0A-F101-4CB9-B412-C02F956C23A4}.Release|x64.Build.0 = Release|x64
		{40209A0A-F101-4CB9-B412-C02F956C23A4}.Release|x86.ActiveCfg = Release|Win32
		{40209A0A-F101-4CB9-B412-C02F956C23A4}.Release|x86.Build.0 = Release|Win32
		{59CCBBBE-E747-4E25-A854-4E22C475342E}.Debug|x64.ActiveCfg = Debug|x64
		{59CCBBBE-E747-4E25-A854-4E22C475342E}.Debug|x64.Build.0 = Debug|x64
		{59CCBBBE-E747-4E25-A854-4E22C475342E}.Debug|x86.ActiveCfg = Debug|Win32
		{59CCBBBE-E747-4E25-A854-4E22C475342E}.Debug|x86.Build.0 = Debug|Win32
		{59CCBBBE-E747-4E25-A854-4E22C475342E}.Release|x64.ActiveCfg = Release|x64
		{59CCBBBE-E747-4E25-A854-4E22C475342E}.Release|x64.Build.0 = Release|x64
		{59CCBBBE-E747-4E25-A854-4E22C475342E}.Release|x86.ActiveCfg = Release|Win32
		{59CCBBBE-E747-4E25-A854-4E22C475342E}.Release|x86.Build.0 = Release|Win32
		{D7E26B38-AA5D-4944-9665-FCCA434FB76C}.Debug|x64.ActiveCfg = Debug|x64
		{D7E26B38-AA5D-4944-9665-FCCA434FB76C}.Debug|x64.Build.0 = Debug|x64
		{D7E26B38-AA5D-4944-9665-FCCA434FB76C}.Debug|x86.ActiveCfg = Debug|Win32
		{D7E26B38-AA5D-4944-9665-FCCA434FB76C}.Debug|x86.Build.0 = Debug|Win32
		{D7E26B38-AA5D-4944-9665-FCCA434FB76C}.Release|x64.ActiveCfg = Release|x64
		{D7E26B38-AA5D-4944-9665-FCCA434FB76C}.Release|x64.Build.0 = Release|x64
		{D7E26B38-AA5D-4944-9665-FCCA434FB76C}.Release|x86.ActiveCfg = Release|Win32
		{D7E26B38-AA5D-4944-9665-FCCA434FB76C}.Release|x86.Build.0 = Release|Win32
		{7F81BB07-6098-4F43-B030-B29F46CFCC40}.Debug|x64.ActiveCfg = Debug|x64
		{7F81BB07-6098-4F43-B030-B29F46CFCC40}.Debug|x64.Build.0 = Debug|x64
		{7F81BB07-6098-4F43-B030-B29F46CFCC40}.Debug|x86.ActiveCfg = Debug|Win32
		{7F81BB07-6098-4F43-B030-B29F46CFCC40}.Debug|x86.Build.0 = Debug|Win32
		{7F81BB07-6098-4F43-B030-B29F46CFCC40}.Release|x64.ActiveCfg = Release|x64
		{7F81BB07-6098-4F43-B030-B29F46CFCC40}.Release|x64.Build.0 = Release|x64
		{7F81BB07-6098-4F43-B030-B29F46CFCC40}.Release|x86.ActiveCfg = Release|Win32
		{7F81BB07-6098-4F43-B030-B29F46CFCC40}.Release|x86.Build.0 = Release|Win32
		{65C48F3B-7A6D-4D8C-8C6E-0F8CA175441F}.Debug|x64.ActiveCfg = Debug|x64
		{65C48F3B-7A6D-4D8C-8C6E-0F8CA175441F}.Debug|x64.Build.0 = Debug|x64
		{65C48F3B-7A6D-4D8C-8C6E-0F8CA175441F}.Debug|x86.ActiveCfg = Debug|Win32
		{65C48F3B-7A6D-4D8C-8C6E-0F8CA175441F}.Debug|x86.Build.0 = Debug|Win32
		{65C48F3B-7A6D-4D8C-8C6E-0F8CA175441F}.Release|x64.ActiveCfg = Release|x64
		{65C48F3B-7A6D-4D8C-8C6E-0F8CA175441F}.Release|x64.Build.0 = Release|x64
		{65C48F3B-7A6D-4D8C-8C6E-0F8CA175441F}.Release|x86.ActiveCfg = Release|Win32
		{65C48F3B-7A6D-4D8C-8C6E-0F8CA175441F}.Release|x86.Build.0 = Release|Win32
	EndGlobalSection
	GlobalSection(SolutionProperties) = preSolution
		HideSolutionNode = FALSE
	EndGlobalSection
	GlobalSection(ExtensibilityGlobals) = postSolution
		SolutionGuid = {5984C387-AF70-40D2-8DC1-3610D8DB80AF}
	EndGlobalSection
EndGlobal
