
Microsoft Visual Studio Solution File, Format Version 12.00
# Visual Studio Version 16
VisualStudioVersion = 16.0.30413.136
MinimumVisualStudioVersion = 10.0.40219.1
Project("{8BC9CEB8-8B4A-11D0-8D11-00A0C91BC942}") = "05_PlugIn", "PosControl\PosControl.vcxproj", "{720BE124-3015-46CA-A6E8-37E4E44795AD}"
	ProjectSection(ProjectDependencies) = postProject
		{7F81BB07-6098-4F43-B030-B29F46CFCC40} = {7F81BB07-6098-4F43-B030-B29F46CFCC40}
		{8651AB26-1A03-46C4-9A72-8A3DAFA3B7A6} = {8651AB26-1A03-46C4-9A72-8A3DAFA3B7A6}
		{65C48F3B-7A6D-4D8C-8C6E-0F8CA175441F} = {65C48F3B-7A6D-4D8C-8C6E-0F8CA175441F}
		{26151999-D81F-45D6-AC46-1396BFA3F27E} = {26151999-D81F-45D6-AC46-1396BFA3F27E}
		{A80FAEBE-6013-4403-A06C-B2A178B5CF4F} = {A80FAEBE-6013-4403-A06C-B2A178B5CF4F}
		{DA0344DE-905A-4AE4-9254-1FE25DCBC9EC} = {DA0344DE-905A-4AE4-9254-1FE25DCBC9EC}
		{07BF0CFD-5E0C-4E66-A2F2-9038FE46358D} = {07BF0CFD-5E0C-4E66-A2F2-9038FE46358D}
	EndProjectSection
EndProject
Project("{8BC9CEB8-8B4A-11D0-8D11-00A0C91BC942}") = "04_03_Controller", "Controller\Controller.vcxproj", "{8651AB26-1A03-46C4-9A72-8A3DAFA3B7A6}"
	ProjectSection(ProjectDependencies) = postProject
		{A80FAEBE-6013-4403-A06C-B2A178B5CF4F} = {A80FAEBE-6013-4403-A06C-B2A178B5CF4F}
	EndProjectSection
EndProject
Project("{8BC9CEB8-8B4A-11D0-8D11-00A0C91BC942}") = "01_Domain", "Domain\Domain.vcxproj", "{A80FAEBE-6013-4403-A06C-B2A178B5CF4F}"
EndProject
Project("{8BC9CEB8-8B4A-11D0-8D11-00A0C91BC942}") = "03_Adapter", "Adapter\Adapter.vcxproj", "{26151999-D81F-45D6-AC46-1396BFA3F27E}"
	ProjectSection(ProjectDependencies) = postProject
		{8651AB26-1A03-46C4-9A72-8A3DAFA3B7A6} = {8651AB26-1A03-46C4-9A72-8A3DAFA3B7A6}
		{65C48F3B-7A6D-4D8C-8C6E-0F8CA175441F} = {65C48F3B-7A6D-4D8C-8C6E-0F8CA175441F}
		{A80FAEBE-6013-4403-A06C-B2A178B5CF4F} = {A80FAEBE-6013-4403-A06C-B2A178B5CF4F}
	EndProjectSection
EndProject
Project("{8BC9CEB8-8B4A-11D0-8D11-00A0C91BC942}") = "04_00a_ROS_Mock", "ROS_Mock\ROS_Mock.vcxproj", "{DA0344DE-905A-4AE4-9254-1FE25DCBC9EC}"
EndProject
Project("{8BC9CEB8-8B4A-11D0-8D11-00A0C91BC942}") = "04_01a_keyboard", "keyboard\keyboard.vcxproj", "{07BF0CFD-5E0C-4E66-A2F2-9038FE46358D}"
	ProjectSection(ProjectDependencies) = postProject
		{DA0344DE-905A-4AE4-9254-1FE25DCBC9EC} = {DA0344DE-905A-4AE4-9254-1FE25DCBC9EC}
	EndProjectSection
EndProject
Project("{8BC9CEB8-8B4A-11D0-8D11-00A0C91BC942}") = "06_01_Test_Domain", "Test_DroneController\Test_DroneController.vcxproj", "{59CCBBBE-E747-4E25-A854-4E22C475342E}"
	ProjectSection(ProjectDependencies) = postProject
		{A80FAEBE-6013-4403-A06C-B2A178B5CF4F} = {A80FAEBE-6013-4403-A06C-B2A178B5CF4F}
	EndProjectSection
EndProject
Project("{8BC9CEB8-8B4A-11D0-8D11-00A0C91BC942}") = "06_02_Test_Application", "Test_Application\Test_Application.vcxproj", "{D7E26B38-AA5D-4944-9665-FCCA434FB76C}"
	ProjectSection(ProjectDependencies) = postProject
		{65C48F3B-7A6D-4D8C-8C6E-0F8CA175441F} = {65C48F3B-7A6D-4D8C-8C6E-0F8CA175441F}
		{A80FAEBE-6013-4403-A06C-B2A178B5CF4F} = {A80FAEBE-6013-4403-A06C-B2A178B5CF4F}
	EndProjectSection
EndProject
Project("{8BC9CEB8-8B4A-11D0-8D11-00A0C91BC942}") = "04_02_parrot", "parrot\parrot.vcxproj", "{7F81BB07-6098-4F43-B030-B29F46CFCC40}"
	ProjectSection(ProjectDependencies) = postProject
		{65C48F3B-7A6D-4D8C-8C6E-0F8CA175441F} = {65C48F3B-7A6D-4D8C-8C6E-0F8CA175441F}
		{26151999-D81F-45D6-AC46-1396BFA3F27E} = {26151999-D81F-45D6-AC46-1396BFA3F27E}
		{A80FAEBE-6013-4403-A06C-B2A178B5CF4F} = {A80FAEBE-6013-4403-A06C-B2A178B5CF4F}
		{DA0344DE-905A-4AE4-9254-1FE25DCBC9EC} = {DA0344DE-905A-4AE4-9254-1FE25DCBC9EC}
	EndProjectSection
EndProject
Project("{8BC9CEB8-8B4A-11D0-8D11-00A0C91BC942}") = "02_DroneController", "DroneController\DroneController.vcxproj", "{65C48F3B-7A6D-4D8C-8C6E-0F8CA175441F}"
	ProjectSection(ProjectDependencies) = postProject
		{A80FAEBE-6013-4403-A06C-B2A178B5CF4F} = {A80FAEBE-6013-4403-A06C-B2A178B5CF4F}
	EndProjectSection
EndProject
Project("{8BC9CEB8-8B4A-11D0-8D11-00A0C91BC942}") = "06_05_Test_PlugIn", "Test_PlugIn\Test_PlugIn.vcxproj", "{6A51C211-E3FB-426B-9178-EB8F2FA279D7}"
EndProject
Project("{8BC9CEB8-8B4A-11D0-8D11-00A0C91BC942}") = "06_03_Test_Controller", "Test_Controller\Test_Controller.vcxproj", "{4DFB5BE1-03BA-4900-B86A-820B8676657E}"
EndProject
Global
	GlobalSection(SolutionConfigurationPlatforms) = preSolution
		Debug|x64 = Debug|x64
		Debug|x86 = Debug|x86
		Release|x64 = Release|x64
		Release|x86 = Release|x86
	EndGlobalSection
	GlobalSection(ProjectConfigurationPlatforms) = postSolution
		{720BE124-3015-46CA-A6E8-37E4E44795AD}.Debug|x64.ActiveCfg = Debug|x64
		{720BE124-3015-46CA-A6E8-37E4E44795AD}.Debug|x64.Build.0 = Debug|x64
		{720BE124-3015-46CA-A6E8-37E4E44795AD}.Debug|x86.ActiveCfg = Debug|Win32
		{720BE124-3015-46CA-A6E8-37E4E44795AD}.Debug|x86.Build.0 = Debug|Win32
		{720BE124-3015-46CA-A6E8-37E4E44795AD}.Release|x64.ActiveCfg = Release|x64
		{720BE124-3015-46CA-A6E8-37E4E44795AD}.Release|x64.Build.0 = Release|x64
		{720BE124-3015-46CA-A6E8-37E4E44795AD}.Release|x86.ActiveCfg = Release|Win32
		{720BE124-3015-46CA-A6E8-37E4E44795AD}.Release|x86.Build.0 = Release|Win32
		{8651AB26-1A03-46C4-9A72-8A3DAFA3B7A6}.Debug|x64.ActiveCfg = Debug|x64
		{8651AB26-1A03-46C4-9A72-8A3DAFA3B7A6}.Debug|x64.Build.0 = Debug|x64
		{8651AB26-1A03-46C4-9A72-8A3DAFA3B7A6}.Debug|x86.ActiveCfg = Debug|Win32
		{8651AB26-1A03-46C4-9A72-8A3DAFA3B7A6}.Debug|x86.Build.0 = Debug|Win32
		{8651AB26-1A03-46C4-9A72-8A3DAFA3B7A6}.Release|x64.ActiveCfg = Release|x64
		{8651AB26-1A03-46C4-9A72-8A3DAFA3B7A6}.Release|x64.Build.0 = Release|x64
		{8651AB26-1A03-46C4-9A72-8A3DAFA3B7A6}.Release|x86.ActiveCfg = Release|Win32
		{8651AB26-1A03-46C4-9A72-8A3DAFA3B7A6}.Release|x86.Build.0 = Release|Win32
		{A80FAEBE-6013-4403-A06C-B2A178B5CF4F}.Debug|x64.ActiveCfg = Debug|x64
		{A80FAEBE-6013-4403-A06C-B2A178B5CF4F}.Debug|x64.Build.0 = Debug|x64
		{A80FAEBE-6013-4403-A06C-B2A178B5CF4F}.Debug|x86.ActiveCfg = Debug|Win32
		{A80FAEBE-6013-4403-A06C-B2A178B5CF4F}.Debug|x86.Build.0 = Debug|Win32
		{A80FAEBE-6013-4403-A06C-B2A178B5CF4F}.Release|x64.ActiveCfg = Release|x64
		{A80FAEBE-6013-4403-A06C-B2A178B5CF4F}.Release|x64.Build.0 = Release|x64
		{A80FAEBE-6013-4403-A06C-B2A178B5CF4F}.Release|x86.ActiveCfg = Release|Win32
		{A80FAEBE-6013-4403-A06C-B2A178B5CF4F}.Release|x86.Build.0 = Release|Win32
		{26151999-D81F-45D6-AC46-1396BFA3F27E}.Debug|x64.ActiveCfg = Debug|x64
		{26151999-D81F-45D6-AC46-1396BFA3F27E}.Debug|x64.Build.0 = Debug|x64
		{26151999-D81F-45D6-AC46-1396BFA3F27E}.Debug|x86.ActiveCfg = Debug|Win32
		{26151999-D81F-45D6-AC46-1396BFA3F27E}.Debug|x86.Build.0 = Debug|Win32
		{26151999-D81F-45D6-AC46-1396BFA3F27E}.Release|x64.ActiveCfg = Release|x64
		{26151999-D81F-45D6-AC46-1396BFA3F27E}.Release|x64.Build.0 = Release|x64
		{26151999-D81F-45D6-AC46-1396BFA3F27E}.Release|x86.ActiveCfg = Release|Win32
		{26151999-D81F-45D6-AC46-1396BFA3F27E}.Release|x86.Build.0 = Release|Win32
		{DA0344DE-905A-4AE4-9254-1FE25DCBC9EC}.Debug|x64.ActiveCfg = Debug|x64
		{DA0344DE-905A-4AE4-9254-1FE25DCBC9EC}.Debug|x64.Build.0 = Debug|x64
		{DA0344DE-905A-4AE4-9254-1FE25DCBC9EC}.Debug|x86.ActiveCfg = Debug|Win32
		{DA0344DE-905A-4AE4-9254-1FE25DCBC9EC}.Debug|x86.Build.0 = Debug|Win32
		{DA0344DE-905A-4AE4-9254-1FE25DCBC9EC}.Release|x64.ActiveCfg = Release|x64
		{DA0344DE-905A-4AE4-9254-1FE25DCBC9EC}.Release|x64.Build.0 = Release|x64
		{DA0344DE-905A-4AE4-9254-1FE25DCBC9EC}.Release|x86.ActiveCfg = Release|Win32
		{DA0344DE-905A-4AE4-9254-1FE25DCBC9EC}.Release|x86.Build.0 = Release|Win32
		{07BF0CFD-5E0C-4E66-A2F2-9038FE46358D}.Debug|x64.ActiveCfg = Debug|x64
		{07BF0CFD-5E0C-4E66-A2F2-9038FE46358D}.Debug|x64.Build.0 = Debug|x64
		{07BF0CFD-5E0C-4E66-A2F2-9038FE46358D}.Debug|x86.ActiveCfg = Debug|Win32
		{07BF0CFD-5E0C-4E66-A2F2-9038FE46358D}.Debug|x86.Build.0 = Debug|Win32
		{07BF0CFD-5E0C-4E66-A2F2-9038FE46358D}.Release|x64.ActiveCfg = Release|x64
		{07BF0CFD-5E0C-4E66-A2F2-9038FE46358D}.Release|x64.Build.0 = Release|x64
		{07BF0CFD-5E0C-4E66-A2F2-9038FE46358D}.Release|x86.ActiveCfg = Release|Win32
		{07BF0CFD-5E0C-4E66-A2F2-9038FE46358D}.Release|x86.Build.0 = Release|Win32
		{59CCBBBE-E747-4E25-A854-4E22C475342E}.Debug|x64.ActiveCfg = Debug|x64
		{59CCBBBE-E747-4E25-A854-4E22C475342E}.Debug|x64.Build.0 = Debug|x64
		{59CCBBBE-E747-4E25-A854-4E22C475342E}.Debug|x86.ActiveCfg = Debug|Win32
		{59CCBBBE-E747-4E25-A854-4E22C475342E}.Debug|x86.Build.0 = Debug|Win32
		{59CCBBBE-E747-4E25-A854-4E22C475342E}.Release|x64.ActiveCfg = Release|x64
		{59CCBBBE-E747-4E25-A854-4E22C475342E}.Release|x64.Build.0 = Release|x64
		{59CCBBBE-E747-4E25-A854-4E22C475342E}.Release|x86.ActiveCfg = Release|Win32
		{59CCBBBE-E747-4E25-A854-4E22C475342E}.Release|x86.Build.0 = Release|Win32
		{D7E26B38-AA5D-4944-9665-FCCA434FB76C}.Debug|x64.ActiveCfg = Debug|x64
		{D7E26B38-AA5D-4944-9665-FCCA434FB76C}.Debug|x64.Build.0 = Debug|x64
		{D7E26B38-AA5D-4944-9665-FCCA434FB76C}.Debug|x86.ActiveCfg = Debug|Win32
		{D7E26B38-AA5D-4944-9665-FCCA434FB76C}.Debug|x86.Build.0 = Debug|Win32
		{D7E26B38-AA5D-4944-9665-FCCA434FB76C}.Release|x64.ActiveCfg = Release|x64
		{D7E26B38-AA5D-4944-9665-FCCA434FB76C}.Release|x64.Build.0 = Release|x64
		{D7E26B38-AA5D-4944-9665-FCCA434FB76C}.Release|x86.ActiveCfg = Release|Win32
		{D7E26B38-AA5D-4944-9665-FCCA434FB76C}.Release|x86.Build.0 = Release|Win32
		{7F81BB07-6098-4F43-B030-B29F46CFCC40}.Debug|x64.ActiveCfg = Debug|x64
		{7F81BB07-6098-4F43-B030-B29F46CFCC40}.Debug|x64.Build.0 = Debug|x64
		{7F81BB07-6098-4F43-B030-B29F46CFCC40}.Debug|x86.ActiveCfg = Debug|Win32
		{7F81BB07-6098-4F43-B030-B29F46CFCC40}.Debug|x86.Build.0 = Debug|Win32
		{7F81BB07-6098-4F43-B030-B29F46CFCC40}.Release|x64.ActiveCfg = Release|x64
		{7F81BB07-6098-4F43-B030-B29F46CFCC40}.Release|x64.Build.0 = Release|x64
		{7F81BB07-6098-4F43-B030-B29F46CFCC40}.Release|x86.ActiveCfg = Release|Win32
		{7F81BB07-6098-4F43-B030-B29F46CFCC40}.Release|x86.Build.0 = Release|Win32
		{65C48F3B-7A6D-4D8C-8C6E-0F8CA175441F}.Debug|x64.ActiveCfg = Debug|x64
		{65C48F3B-7A6D-4D8C-8C6E-0F8CA175441F}.Debug|x64.Build.0 = Debug|x64
		{65C48F3B-7A6D-4D8C-8C6E-0F8CA175441F}.Debug|x86.ActiveCfg = Debug|Win32
		{65C48F3B-7A6D-4D8C-8C6E-0F8CA175441F}.Debug|x86.Build.0 = Debug|Win32
		{65C48F3B-7A6D-4D8C-8C6E-0F8CA175441F}.Release|x64.ActiveCfg = Release|x64
		{65C48F3B-7A6D-4D8C-8C6E-0F8CA175441F}.Release|x64.Build.0 = Release|x64
		{65C48F3B-7A6D-4D8C-8C6E-0F8CA175441F}.Release|x86.ActiveCfg = Release|Win32
		{65C48F3B-7A6D-4D8C-8C6E-0F8CA175441F}.Release|x86.Build.0 = Release|Win32
		{6A51C211-E3FB-426B-9178-EB8F2FA279D7}.Debug|x64.ActiveCfg = Debug|x64
		{6A51C211-E3FB-426B-9178-EB8F2FA279D7}.Debug|x64.Build.0 = Debug|x64
		{6A51C211-E3FB-426B-9178-EB8F2FA279D7}.Debug|x86.ActiveCfg = Debug|Win32
		{6A51C211-E3FB-426B-9178-EB8F2FA279D7}.Debug|x86.Build.0 = Debug|Win32
		{6A51C211-E3FB-426B-9178-EB8F2FA279D7}.Release|x64.ActiveCfg = Release|x64
		{6A51C211-E3FB-426B-9178-EB8F2FA279D7}.Release|x64.Build.0 = Release|x64
		{6A51C211-E3FB-426B-9178-EB8F2FA279D7}.Release|x86.ActiveCfg = Release|Win32
		{6A51C211-E3FB-426B-9178-EB8F2FA279D7}.Release|x86.Build.0 = Release|Win32
		{4DFB5BE1-03BA-4900-B86A-820B8676657E}.Debug|x64.ActiveCfg = Debug|x64
		{4DFB5BE1-03BA-4900-B86A-820B8676657E}.Debug|x64.Build.0 = Debug|x64
		{4DFB5BE1-03BA-4900-B86A-820B8676657E}.Debug|x86.ActiveCfg = Debug|Win32
		{4DFB5BE1-03BA-4900-B86A-820B8676657E}.Debug|x86.Build.0 = Debug|Win32
		{4DFB5BE1-03BA-4900-B86A-820B8676657E}.Release|x64.ActiveCfg = Release|x64
		{4DFB5BE1-03BA-4900-B86A-820B8676657E}.Release|x64.Build.0 = Release|x64
		{4DFB5BE1-03BA-4900-B86A-820B8676657E}.Release|x86.ActiveCfg = Release|Win32
		{4DFB5BE1-03BA-4900-B86A-820B8676657E}.Release|x86.Build.0 = Release|Win32
	EndGlobalSection
	GlobalSection(SolutionProperties) = preSolution
		HideSolutionNode = FALSE
	EndGlobalSection
	GlobalSection(ExtensibilityGlobals) = postSolution
		SolutionGuid = {5984C387-AF70-40D2-8DC1-3610D8DB80AF}
	EndGlobalSection
EndGlobal
