<?xml version="1.0" encoding="utf-8"?>
<Project ToolsVersion="4.0" xmlns="http://schemas.microsoft.com/developer/msbuild/2003">
  <ItemGroup>
    <Filter Include="Quelldateien">
      <UniqueIdentifier>{4FC737F1-C7A5-4376-A066-2A32D752A2FF}</UniqueIdentifier>
      <Extensions>cpp;c;cc;cxx;c++;cppm;ixx;def;odl;idl;hpj;bat;asm;asmx</Extensions>
    </Filter>
    <Filter Include="Headerdateien">
      <UniqueIdentifier>{93995380-89BD-4b04-88EB-625FBE52EBFB}</UniqueIdentifier>
      <Extensions>h;hh;hpp;hxx;h++;hm;inl;inc;ipp;xsd</Extensions>
    </Filter>
    <Filter Include="Ressourcendateien">
      <UniqueIdentifier>{67DA6AB6-F800-4c08-8B7A-83BB121AAD01}</UniqueIdentifier>
      <Extensions>rc;ico;cur;bmp;dlg;rc2;rct;bin;rgs;gif;jpg;jpeg;jpe;resx;tiff;tif;png;wav;mfcribbon-ms</Extensions>
    </Filter>
  </ItemGroup>
  <ItemGroup>
    <ClCompile Include="coex.cpp">
      <Filter>Quelldateien</Filter>
    </ClCompile>
    <ClCompile Include="src\coexBattery.cpp">
      <Filter>Quelldateien</Filter>
    </ClCompile>
    <ClCompile Include="src\coexControl.cpp">
      <Filter>Quelldateien</Filter>
    </ClCompile>
    <ClCompile Include="src\coexMC.cpp">
      <Filter>Quelldateien</Filter>
    </ClCompile>
    <ClCompile Include="src\coexOrientation.cpp">
      <Filter>Quelldateien</Filter>
    </ClCompile>
    <ClCompile Include="src\coexRC_Receiver.cpp">
      <Filter>Quelldateien</Filter>
    </ClCompile>
    <ClCompile Include="src\coexRC_Transmitter.cpp">
      <Filter>Quelldateien</Filter>
    </ClCompile>
    <ClCompile Include="src\coexState.cpp">
      <Filter>Quelldateien</Filter>
    </ClCompile>
    <ClCompile Include="src\coexTransmitable.cpp">
      <Filter>Quelldateien</Filter>
    </ClCompile>
    <ClCompile Include="src\Joystick.cpp">
      <Filter>Quelldateien</Filter>
    </ClCompile>
    <ClCompile Include="src\JoystickAxis.cpp">
      <Filter>Quelldateien</Filter>
    </ClCompile>
  </ItemGroup>
  <ItemGroup>
    <ClInclude Include="include\coex\coexBattery.h">
      <Filter>Headerdateien</Filter>
    </ClInclude>
    <ClInclude Include="include\coex\coexControl.h">
      <Filter>Headerdateien</Filter>
    </ClInclude>
    <ClInclude Include="include\coex\coexMC.h">
      <Filter>Headerdateien</Filter>
    </ClInclude>
    <ClInclude Include="include\coex\coexOrientation.h">
      <Filter>Headerdateien</Filter>
    </ClInclude>
    <ClInclude Include="include\coex\coexRC_Receiver.h">
      <Filter>Headerdateien</Filter>
    </ClInclude>
    <ClInclude Include="include\coex\coexRC_Transmitter.h">
      <Filter>Headerdateien</Filter>
    </ClInclude>
    <ClInclude Include="include\coex\coexState.h">
      <Filter>Headerdateien</Filter>
    </ClInclude>
    <ClInclude Include="include\coex\coexTransmitable.h">
      <Filter>Headerdateien</Filter>
    </ClInclude>
    <ClInclude Include="include\coex\Joystick.h">
      <Filter>Headerdateien</Filter>
    </ClInclude>
    <ClInclude Include="include\coex\JoystickAxis.h">
      <Filter>Headerdateien</Filter>
    </ClInclude>
  </ItemGroup>
</Project>