<?xml version="1.0" encoding="utf-8"?>
<Project ToolsVersion="4.0" xmlns="http://schemas.microsoft.com/developer/msbuild/2003">
  <ItemGroup>
    <Filter Include="Quelldateien">
      <UniqueIdentifier>{4FC737F1-C7A5-4376-A066-2A32D752A2FF}</UniqueIdentifier>
      <Extensions>cpp;c;cc;cxx;c++;cppm;ixx;def;odl;idl;hpj;bat;asm;asmx</Extensions>
    </Filter>
    <Filter Include="Headerdateien">
      <UniqueIdentifier>{93995380-89BD-4b04-88EB-625FBE52EBFB}</UniqueIdentifier>
      <Extensions>h;hh;hpp;hxx;h++;hm;inl;inc;ipp;xsd</Extensions>
    </Filter>
    <Filter Include="Ressourcendateien">
      <UniqueIdentifier>{67DA6AB6-F800-4c08-8B7A-83BB121AAD01}</UniqueIdentifier>
      <Extensions>rc;ico;cur;bmp;dlg;rc2;rct;bin;rgs;gif;jpg;jpeg;jpe;resx;tiff;tif;png;wav;mfcribbon-ms</Extensions>
    </Filter>
  </ItemGroup>
  <ItemGroup>
    <ClCompile Include="ROS_Mock.cpp">
      <Filter>Quelldateien</Filter>
    </ClCompile>
    <ClCompile Include="ros\ros_Talker.cpp">
      <Filter>Quelldateien</Filter>
    </ClCompile>
    <ClCompile Include="termios.cpp">
      <Filter>Quelldateien</Filter>
    </ClCompile>
  </ItemGroup>
  <ItemGroup>
    <ClInclude Include="ros\ros.h">
      <Filter>Headerdateien</Filter>
    </ClInclude>
    <ClInclude Include="termios.h">
      <Filter>Headerdateien</Filter>
    </ClInclude>
    <ClInclude Include="sensor_msgs\Joy.h">
      <Filter>Headerdateien</Filter>
    </ClInclude>
    <ClInclude Include="std_msgs\Msg.h">
      <Filter>Headerdateien</Filter>
    </ClInclude>
    <ClInclude Include="std_msgs\Char.h">
      <Filter>Headerdateien</Filter>
    </ClInclude>
    <ClInclude Include="std_msgs\String.h">
      <Filter>Headerdateien</Filter>
    </ClInclude>
    <ClInclude Include="ros\ros_Talker.h">
      <Filter>Headerdateien</Filter>
    </ClInclude>
    <ClInclude Include="mavros_msgs\ManualControl.h">
      <Filter>Headerdateien</Filter>
    </ClInclude>
    <ClInclude Include="mavros_msgs\RCIn.h">
      <Filter>Headerdateien</Filter>
    </ClInclude>
    <ClInclude Include="mavros_msgs\State.h">
      <Filter>Headerdateien</Filter>
    </ClInclude>
    <ClInclude Include="sensor_msgs\BatteryState.h">
      <Filter>Headerdateien</Filter>
    </ClInclude>
    <ClInclude Include="sensor_msgs\Imu.h">
      <Filter>Headerdateien</Filter>
    </ClInclude>
    <ClInclude Include="sensor_msgs\Range.h">
      <Filter>Headerdateien</Filter>
    </ClInclude>
    <ClInclude Include="mavros_msgs\CommandBool.h">
      <Filter>Headerdateien</Filter>
    </ClInclude>
    <ClInclude Include="mavros_msgs\OverrideRCIn.h">
      <Filter>Headerdateien</Filter>
    </ClInclude>
    <ClInclude Include="mavros_msgs\SetMode.h">
      <Filter>Headerdateien</Filter>
    </ClInclude>
    <ClInclude Include="mavros_msgs\CommandBoolRequest.h">
      <Filter>Headerdateien</Filter>
    </ClInclude>
    <ClInclude Include="mavros_msgs\CommandBoolResponse.h">
      <Filter>Headerdateien</Filter>
    </ClInclude>
    <ClInclude Include="mavros_msgs\SetModeRequest.h">
      <Filter>Headerdateien</Filter>
    </ClInclude>
    <ClInclude Include="mavros_msgs\SetModeResponse.h">
      <Filter>Headerdateien</Filter>
    </ClInclude>
    <ClInclude Include="geometry_msgs\Quaternion.h">
      <Filter>Headerdateien</Filter>
    </ClInclude>
    <ClInclude Include="geometry_msgs\Vector3.h">
      <Filter>Headerdateien</Filter>
    </ClInclude>
    <ClInclude Include="geometry_msgs\PoseStamped.h">
      <Filter>Headerdateien</Filter>
    </ClInclude>
  </ItemGroup>
</Project>