<?xml version="1.0" encoding="utf-8"?>
<Project ToolsVersion="4.0" xmlns="http://schemas.microsoft.com/developer/msbuild/2003">
  <ItemGroup>
    <ClCompile Include="src\PosBridge.cpp">
      <Filter>Quelldateien</Filter>
    </ClCompile>
    <ClCompile Include="$(MSBuildThisFileDirectory)..\..\lib\native\src\gtest\gtest-all.cc" />
    <ClCompile Include="$(MSBuildThisFileDirectory)..\..\lib\native\src\gmock\gmock-all.cc" />
    <ClCompile Include="src\PoseBuilder.cpp">
      <Filter>Quelldateien</Filter>
    </ClCompile>
    <ClCompile Include="src\RosBridge.cpp">
      <Filter>Quelldateien</Filter>
    </ClCompile>
    <ClCompile Include="src\Integral1.cpp">
      <Filter>Quelldateien</Filter>
    </ClCompile>
    <ClCompile Include="src\Integral2.cpp">
      <Filter>Quelldateien</Filter>
    </ClCompile>
    <ClCompile Include="src\Transmitter_Mock.cpp">
      <Filter>Quelldateien</Filter>
    </ClCompile>
    <ClCompile Include="src\ManualController.cpp">
      <Filter>Quelldateien</Filter>
    </ClCompile>
  </ItemGroup>
  <ItemGroup>
    <Filter Include="Headerdateien">
      <UniqueIdentifier>{bb73d276-2744-4e00-9a4c-3f7f2c704715}</UniqueIdentifier>
    </Filter>
    <Filter Include="Quelldateien">
      <UniqueIdentifier>{ce45fac4-cfa3-4b3e-b6f8-ae43fff1b1cd}</UniqueIdentifier>
    </Filter>
    <Filter Include="Ressourcendateien">
      <UniqueIdentifier>{0ccc1c6d-71f5-4057-93ab-74b34b7d6282}</UniqueIdentifier>
    </Filter>
  </ItemGroup>
  <ItemGroup>
    <ClInclude Include="include\PosControl\PosBridge.h">
      <Filter>Headerdateien</Filter>
    </ClInclude>
    <ClInclude Include="include\PosControl\Header.h">
      <Filter>Headerdateien</Filter>
    </ClInclude>
    <ClInclude Include="include\PosControl\PoseBuilder.h">
      <Filter>Headerdateien</Filter>
    </ClInclude>
    <ClInclude Include="include\PosControl\Integral1.h">
      <Filter>Headerdateien</Filter>
    </ClInclude>
    <ClInclude Include="include\PosControl\Integral2.h">
      <Filter>Headerdateien</Filter>
    </ClInclude>
    <ClInclude Include="include\PosControl\Transmitter_Mock.h">
      <Filter>Headerdateien</Filter>
    </ClInclude>
  </ItemGroup>
  <ItemGroup>
    <None Include="packages.config" />
  </ItemGroup>
  <ItemGroup>
    <Text Include="CMakeLists.txt">
      <Filter>Ressourcendateien</Filter>
    </Text>
  </ItemGroup>
  <ItemGroup>
    <Xml Include="package.xml">
      <Filter>Ressourcendateien</Filter>
    </Xml>
  </ItemGroup>
</Project>