<?xml version="1.0" encoding="utf-8"?>
<Project ToolsVersion="4.0" xmlns="http://schemas.microsoft.com/developer/msbuild/2003">
  <ItemGroup>
    <ClCompile Include="AccelToPos.cpp">
      <Filter>Quelldateien</Filter>
    </ClCompile>
    <ClCompile Include="Application.cpp">
      <Filter>Quelldateien</Filter>
    </ClCompile>
    <ClCompile Include="State.cpp" />
  </ItemGroup>
  <ItemGroup>
    <Filter Include="Headerdateien">
      <UniqueIdentifier>{892e4b26-49de-4112-a516-96b65ce79003}</UniqueIdentifier>
    </Filter>
    <Filter Include="Quelldateien">
      <UniqueIdentifier>{338f44d0-a7a7-4c7b-b275-9e4ba345e084}</UniqueIdentifier>
    </Filter>
  </ItemGroup>
  <ItemGroup>
    <ClInclude Include="AccelToPos.h">
      <Filter>Headerdateien</Filter>
    </ClInclude>
    <ClInclude Include="Triggerable.h">
      <Filter>Headerdateien</Filter>
    </ClInclude>
    <ClInclude Include="Transmitable.h">
      <Filter>Headerdateien</Filter>
    </ClInclude>
    <ClInclude Include="State.h" />
  </ItemGroup>
</Project>